
Microsoft Visual Studio Solution File, Format Version 12.00
# Visual Studio Version 16
VisualStudioVersion = 16.0.30330.147
MinimumVisualStudioVersion = 10.0.40219.1
Project("{FAE04EC0-301F-11D3-BF4B-00C04F79EFBC}") = "CurrencyCalculator", "CurrencyCalculator\CurrencyCalculator.csproj", "{A6C5F8BA-DCBB-4BD5-9A56-FD9815625C1A}"
EndProject
Global
	GlobalSection(SolutionConfigurationPlatforms) = preSolution
		Debug|Any CPU = Debug|Any CPU
		Release|Any CPU = Release|Any CPU
	EndGlobalSection
	GlobalSection(ProjectConfigurationPlatforms) = postSolution
		{A6C5F8BA-DCBB-4BD5-9A56-FD9815625C1A}.Debug|Any CPU.ActiveCfg = Debug|Any CPU
		{A6C5F8BA-DCBB-4BD5-9A56-FD9815625C1A}.Debug|Any CPU.Build.0 = Debug|Any CPU
		{A6C5F8BA-DCBB-4BD5-9A56-FD9815625C1A}.Release|Any CPU.ActiveCfg = Release|Any CPU
		{A6C5F8BA-DCBB-4BD5-9A56-FD9815625C1A}.Release|Any CPU.Build.0 = Release|Any CPU
	EndGlobalSection
	GlobalSection(SolutionProperties) = preSolution
		HideSolutionNode = FALSE
	EndGlobalSection
	GlobalSection(ExtensibilityGlobals) = postSolution
		SolutionGuid = {1D6BD3CE-B779-4139-AE71-2FA9041ABF0D}
	EndGlobalSection
EndGlobal
